
Microsoft Visual Studio Solution File, Format Version 12.00
# Visual Studio Version 16
VisualStudioVersion = 16.0.30114.105
MinimumVisualStudioVersion = 10.0.40219.1
Project("{FAE04EC0-301F-11D3-BF4B-00C04F79EFBC}") = "schoolapp", "schoolapp\schoolapp.csproj", "{78ED3915-23BE-45C7-A4C3-D563C6B24C60}"
EndProject
Project("{FAE04EC0-301F-11D3-BF4B-00C04F79EFBC}") = "webclasslib", "webclasslib\webclasslib.csproj", "{F5235DA9-59E5-4B09-A274-E0F54047FC7E}"
EndProject
Global
	GlobalSection(SolutionConfigurationPlatforms) = preSolution
		Debug|Any CPU = Debug|Any CPU
		Release|Any CPU = Release|Any CPU
	EndGlobalSection
	GlobalSection(SolutionProperties) = preSolution
		HideSolutionNode = FALSE
	EndGlobalSection
	GlobalSection(ProjectConfigurationPlatforms) = postSolution
		{78ED3915-23BE-45C7-A4C3-D563C6B24C60}.Debug|Any CPU.ActiveCfg = Debug|Any CPU
		{78ED3915-23BE-45C7-A4C3-D563C6B24C60}.Debug|Any CPU.Build.0 = Debug|Any CPU
		{78ED3915-23BE-45C7-A4C3-D563C6B24C60}.Release|Any CPU.ActiveCfg = Release|Any CPU
		{78ED3915-23BE-45C7-A4C3-D563C6B24C60}.Release|Any CPU.Build.0 = Release|Any CPU
		{F5235DA9-59E5-4B09-A274-E0F54047FC7E}.Debug|Any CPU.ActiveCfg = Debug|Any CPU
		{F5235DA9-59E5-4B09-A274-E0F54047FC7E}.Debug|Any CPU.Build.0 = Debug|Any CPU
		{F5235DA9-59E5-4B09-A274-E0F54047FC7E}.Release|Any CPU.ActiveCfg = Release|Any CPU
		{F5235DA9-59E5-4B09-A274-E0F54047FC7E}.Release|Any CPU.Build.0 = Release|Any CPU
	EndGlobalSection
EndGlobal
