
Microsoft Visual Studio Solution File, Format Version 12.00
# Visual Studio Version 16
VisualStudioVersion = 16.0.30114.105
MinimumVisualStudioVersion = 10.0.40219.1
Project("{FAE04EC0-301F-11D3-BF4B-00C04F79EFBC}") = "trainapp", "trainapp\trainapp.csproj", "{27CBA364-7EA4-49F8-8CCF-2F739571EAE4}"
EndProject
Project("{FAE04EC0-301F-11D3-BF4B-00C04F79EFBC}") = "webclasslib", "webclasslib\webclasslib.csproj", "{026C9160-960F-43B4-8D61-DBA754415231}"
EndProject
Global
	GlobalSection(SolutionConfigurationPlatforms) = preSolution
		Debug|Any CPU = Debug|Any CPU
		Release|Any CPU = Release|Any CPU
	EndGlobalSection
	GlobalSection(SolutionProperties) = preSolution
		HideSolutionNode = FALSE
	EndGlobalSection
	GlobalSection(ProjectConfigurationPlatforms) = postSolution
		{27CBA364-7EA4-49F8-8CCF-2F739571EAE4}.Debug|Any CPU.ActiveCfg = Debug|Any CPU
		{27CBA364-7EA4-49F8-8CCF-2F739571EAE4}.Debug|Any CPU.Build.0 = Debug|Any CPU
		{27CBA364-7EA4-49F8-8CCF-2F739571EAE4}.Release|Any CPU.ActiveCfg = Release|Any CPU
		{27CBA364-7EA4-49F8-8CCF-2F739571EAE4}.Release|Any CPU.Build.0 = Release|Any CPU
		{026C9160-960F-43B4-8D61-DBA754415231}.Debug|Any CPU.ActiveCfg = Debug|Any CPU
		{026C9160-960F-43B4-8D61-DBA754415231}.Debug|Any CPU.Build.0 = Debug|Any CPU
		{026C9160-960F-43B4-8D61-DBA754415231}.Release|Any CPU.ActiveCfg = Release|Any CPU
		{026C9160-960F-43B4-8D61-DBA754415231}.Release|Any CPU.Build.0 = Release|Any CPU
	EndGlobalSection
EndGlobal
